
Microsoft Visual Studio Solution File, Format Version 12.00
# Visual Studio 14
VisualStudioVersion = 14.0.25420.1
MinimumVisualStudioVersion = 10.0.40219.1
Project("{FAE04EC0-301F-11D3-BF4B-00C04F79EFBC}") = "Model", "Model\Model.csproj", "{0028C3B7-F69C-4CE8-B68C-C47D6E195C3F}"
EndProject
Project("{FAE04EC0-301F-11D3-BF4B-00C04F79EFBC}") = "DataAccess", "DataAccess\DataAccess.csproj", "{9C9C3EE1-894C-479D-92AC-162F73B7994A}"
EndProject
Project("{FAE04EC0-301F-11D3-BF4B-00C04F79EFBC}") = "BreakAwayConsole", "BreakAwayConsole\BreakAwayConsole.csproj", "{B43DCE7C-E1D1-4E24-B37F-A92A2D984782}"
EndProject
Global
	GlobalSection(SolutionConfigurationPlatforms) = preSolution
		Debug|Any CPU = Debug|Any CPU
		Release|Any CPU = Release|Any CPU
	EndGlobalSection
	GlobalSection(ProjectConfigurationPlatforms) = postSolution
		{0028C3B7-F69C-4CE8-B68C-C47D6E195C3F}.Debug|Any CPU.ActiveCfg = Debug|Any CPU
		{0028C3B7-F69C-4CE8-B68C-C47D6E195C3F}.Debug|Any CPU.Build.0 = Debug|Any CPU
		{0028C3B7-F69C-4CE8-B68C-C47D6E195C3F}.Release|Any CPU.ActiveCfg = Release|Any CPU
		{0028C3B7-F69C-4CE8-B68C-C47D6E195C3F}.Release|Any CPU.Build.0 = Release|Any CPU
		{9C9C3EE1-894C-479D-92AC-162F73B7994A}.Debug|Any CPU.ActiveCfg = Debug|Any CPU
		{9C9C3EE1-894C-479D-92AC-162F73B7994A}.Debug|Any CPU.Build.0 = Debug|Any CPU
		{9C9C3EE1-894C-479D-92AC-162F73B7994A}.Release|Any CPU.ActiveCfg = Release|Any CPU
		{9C9C3EE1-894C-479D-92AC-162F73B7994A}.Release|Any CPU.Build.0 = Release|Any CPU
		{B43DCE7C-E1D1-4E24-B37F-A92A2D984782}.Debug|Any CPU.ActiveCfg = Debug|Any CPU
		{B43DCE7C-E1D1-4E24-B37F-A92A2D984782}.Debug|Any CPU.Build.0 = Debug|Any CPU
		{B43DCE7C-E1D1-4E24-B37F-A92A2D984782}.Release|Any CPU.ActiveCfg = Release|Any CPU
		{B43DCE7C-E1D1-4E24-B37F-A92A2D984782}.Release|Any CPU.Build.0 = Release|Any CPU
	EndGlobalSection
	GlobalSection(SolutionProperties) = preSolution
		HideSolutionNode = FALSE
	EndGlobalSection
EndGlobal
